
Microsoft Visual Studio Solution File, Format Version 12.00
# Visual Studio Version 16
VisualStudioVersion = 16.0.29613.14
MinimumVisualStudioVersion = 10.0.40219.1
Project("{FAE04EC0-301F-11D3-BF4B-00C04F79EFBC}") = "GraphQLSample", "GraphQLSample\GraphQLSample.csproj", "{B79C6E8A-1701-4951-A13B-17D5B169032A}"
EndProject
Project("{FAE04EC0-301F-11D3-BF4B-00C04F79EFBC}") = "GraphQLSample.DataAccess", "GraphQLSample.DataAccess\GraphQLSample.DataAccess.csproj", "{E5BE0AA1-2B92-4F31-9B08-90DC5432FFF0}"
EndProject
Project("{FAE04EC0-301F-11D3-BF4B-00C04F79EFBC}") = "GraphQLSample.Models", "GraphQLSample.Models\GraphQLSample.Models.csproj", "{35C8D606-16C0-4456-9957-83B675560E9F}"
EndProject
Global
	GlobalSection(SolutionConfigurationPlatforms) = preSolution
		Debug|Any CPU = Debug|Any CPU
		Release|Any CPU = Release|Any CPU
	EndGlobalSection
	GlobalSection(ProjectConfigurationPlatforms) = postSolution
		{B79C6E8A-1701-4951-A13B-17D5B169032A}.Debug|Any CPU.ActiveCfg = Debug|Any CPU
		{B79C6E8A-1701-4951-A13B-17D5B169032A}.Debug|Any CPU.Build.0 = Debug|Any CPU
		{B79C6E8A-1701-4951-A13B-17D5B169032A}.Release|Any CPU.ActiveCfg = Release|Any CPU
		{B79C6E8A-1701-4951-A13B-17D5B169032A}.Release|Any CPU.Build.0 = Release|Any CPU
		{E5BE0AA1-2B92-4F31-9B08-90DC5432FFF0}.Debug|Any CPU.ActiveCfg = Debug|Any CPU
		{E5BE0AA1-2B92-4F31-9B08-90DC5432FFF0}.Debug|Any CPU.Build.0 = Debug|Any CPU
		{E5BE0AA1-2B92-4F31-9B08-90DC5432FFF0}.Release|Any CPU.ActiveCfg = Release|Any CPU
		{E5BE0AA1-2B92-4F31-9B08-90DC5432FFF0}.Release|Any CPU.Build.0 = Release|Any CPU
		{35C8D606-16C0-4456-9957-83B675560E9F}.Debug|Any CPU.ActiveCfg = Debug|Any CPU
		{35C8D606-16C0-4456-9957-83B675560E9F}.Debug|Any CPU.Build.0 = Debug|Any CPU
		{35C8D606-16C0-4456-9957-83B675560E9F}.Release|Any CPU.ActiveCfg = Release|Any CPU
		{35C8D606-16C0-4456-9957-83B675560E9F}.Release|Any CPU.Build.0 = Release|Any CPU
	EndGlobalSection
	GlobalSection(SolutionProperties) = preSolution
		HideSolutionNode = FALSE
	EndGlobalSection
	GlobalSection(ExtensibilityGlobals) = postSolution
		SolutionGuid = {B7C45BF9-9128-47F4-BE90-CE222C78E1EF}
	EndGlobalSection
EndGlobal
